{
  "requires": true,
  "lockfileVersion": 1,
  "dependencies": {
    "acorn": {
      "version": "file:feedback/http:/registry.npm.taobao.org/acorn/download/acorn-5.7.3.tgz"
    },
    "art-template": {
      "version": "4.13.1",
      "resolved": "http://registry.npm.taobao.org/art-template/download/art-template-4.13.1.tgz",
      "requires": {
        "acorn": "^5.0.3",
        "escodegen": "^1.8.1",
        "estraverse": "^4.2.0",
        "html-minifier": "^3.4.3",
        "is-keyword-js": "^1.0.3",
        "js-tokens": "^3.0.1",
        "merge-source-map": "^1.0.3",
        "source-map": "^0.5.6"
      },
      "dependencies": {
        "acorn": {
          "version": "http://registry.npm.taobao.org/acorn/download/acorn-5.7.3.tgz",
          "bundled": true
        },
        "escodegen": {
          "version": "http://registry.npm.taobao.org/escodegen/download/escodegen-1.11.0.tgz",
          "bundled": true,
          "dependencies": {
            "esprima": {
              "version": "3.1.3",
              "resolved": "http://registry.npm.taobao.org/esprima/download/esprima-3.1.3.tgz"
            },
            "estraverse": {
              "version": "4.2.0",
              "resolved": "http://registry.npm.taobao.org/estraverse/download/estraverse-4.2.0.tgz"
            },
            "esutils": {
              "version": "2.0.2",
              "resolved": "http://registry.npm.taobao.org/esutils/download/esutils-2.0.2.tgz"
            },
            "optionator": {
              "version": "0.8.2",
              "resolved": "http://registry.npm.taobao.org/optionator/download/optionator-0.8.2.tgz",
              "requires": {
                "deep-is": "~0.1.3",
                "fast-levenshtein": "~2.0.4",
                "levn": "~0.3.0",
                "prelude-ls": "~1.1.2",
                "type-check": "~0.3.2",
                "wordwrap": "~1.0.0"
              },
              "dependencies": {
                "deep-is": {
                  "version": "0.1.3",
                  "resolved": "http://registry.npm.taobao.org/deep-is/download/deep-is-0.1.3.tgz"
                },
                "fast-levenshtein": {
                  "version": "2.0.6",
                  "resolved": "http://registry.npm.taobao.org/fast-levenshtein/download/fast-levenshtein-2.0.6.tgz"
                },
                "levn": {
                  "version": "0.3.0",
                  "resolved": "http://registry.npm.taobao.org/levn/download/levn-0.3.0.tgz",
                  "requires": {
                    "prelude-ls": "~1.1.2",
                    "type-check": "~0.3.2"
                  },
                  "dependencies": {
                    "prelude-ls": {
                      "version": "1.1.2",
                      "resolved": "http://registry.npm.taobao.org/prelude-ls/download/prelude-ls-1.1.2.tgz"
                    },
                    "type-check": {
                      "version": "0.3.2",
                      "resolved": "http://registry.npm.taobao.org/type-check/download/type-check-0.3.2.tgz",
                      "requires": {
                        "prelude-ls": "~1.1.2"
                      },
                      "dependencies": {
                        "prelude-ls": {
                          "version": "1.1.2",
                          "bundled": true
                        }
                      }
                    }
                  }
                },
                "prelude-ls": {
                  "version": "1.1.2",
                  "resolved": "http://registry.npm.taobao.org/prelude-ls/download/prelude-ls-1.1.2.tgz"
                },
                "type-check": {
                  "version": "0.3.2",
                  "resolved": "http://registry.npm.taobao.org/type-check/download/type-check-0.3.2.tgz",
                  "requires": {
                    "prelude-ls": "~1.1.2"
                  },
                  "dependencies": {
                    "prelude-ls": {
                      "version": "1.1.2",
                      "bundled": true
                    }
                  }
                },
                "wordwrap": {
                  "version": "1.0.0",
                  "resolved": "http://registry.npm.taobao.org/wordwrap/download/wordwrap-1.0.0.tgz"
                }
              }
            },
            "source-map": {
              "version": "0.6.1",
              "resolved": "http://registry.npm.taobao.org/source-map/download/source-map-0.6.1.tgz",
              "optional": true
            }
          }
        },
        "estraverse": {
          "version": "http://registry.npm.taobao.org/estraverse/download/estraverse-4.2.0.tgz",
          "bundled": true
        },
        "html-minifier": {
          "version": "http://registry.npm.taobao.org/html-minifier/download/html-minifier-3.5.20.tgz",
          "bundled": true
        },
        "is-keyword-js": {
          "version": "http://registry.npm.taobao.org/is-keyword-js/download/is-keyword-js-1.0.3.tgz",
          "bundled": true
        },
        "js-tokens": {
          "version": "http://registry.npm.taobao.org/js-tokens/download/js-tokens-3.0.2.tgz",
          "bundled": true
        },
        "merge-source-map": {
          "version": "http://registry.npm.taobao.org/merge-source-map/download/merge-source-map-1.1.0.tgz",
          "bundled": true,
          "dependencies": {
            "source-map": {
              "version": "0.6.1",
              "resolved": "http://registry.npm.taobao.org/source-map/download/source-map-0.6.1.tgz"
            }
          }
        },
        "source-map": {
          "version": "http://registry.npm.taobao.org/source-map/download/source-map-0.5.7.tgz",
          "bundled": true
        }
      }
    },
    "bootstrap": {
      "version": "3.3.7",
      "resolved": "http://registry.npm.taobao.org/bootstrap/download/bootstrap-3.3.7.tgz",
      "integrity": "sha1-WjiTlFSfIzMIdaOxUGVldPip63E="
    },
    "camel-case": {
      "version": "3.0.0",
      "resolved": "http://registry.npm.taobao.org/camel-case/download/camel-case-3.0.0.tgz",
      "requires": {
        "no-case": "^2.2.0",
        "upper-case": "^1.1.1"
      },
      "dependencies": {
        "no-case": {
          "version": "http://registry.npm.taobao.org/no-case/download/no-case-2.3.2.tgz",
          "bundled": true,
          "dependencies": {
            "lower-case": {
              "version": "1.1.4",
              "resolved": "http://registry.npm.taobao.org/lower-case/download/lower-case-1.1.4.tgz"
            }
          }
        },
        "upper-case": {
          "version": "http://registry.npm.taobao.org/upper-case/download/upper-case-1.1.3.tgz",
          "bundled": true
        }
      }
    },
    "clean-css": {
      "version": "file:feedback/http:/registry.npm.taobao.org/clean-css/download/clean-css-4.2.1.tgz",
      "requires": {
        "source-map": "~0.6.0"
      },
      "dependencies": {
        "source-map": {
          "version": "0.6.1",
          "resolved": "http://registry.npm.taobao.org/source-map/download/source-map-0.6.1.tgz"
        }
      }
    },
    "commander": {
      "version": "file:feedback/http:/registry.npm.taobao.org/commander/download/commander-2.17.1.tgz"
    },
    "deep-is": {
      "version": "file:feedback/http:/registry.npm.taobao.org/deep-is/download/deep-is-0.1.3.tgz"
    },
    "escodegen": {
      "version": "file:feedback/http:/registry.npm.taobao.org/escodegen/download/escodegen-1.11.0.tgz",
      "requires": {
        "esprima": "^3.1.3",
        "estraverse": "^4.2.0",
        "esutils": "^2.0.2",
        "optionator": "^0.8.1",
        "source-map": "~0.6.1"
      },
      "dependencies": {
        "esprima": {
          "version": "3.1.3",
          "resolved": "http://registry.npm.taobao.org/esprima/download/esprima-3.1.3.tgz"
        },
        "estraverse": {
          "version": "4.2.0",
          "resolved": "http://registry.npm.taobao.org/estraverse/download/estraverse-4.2.0.tgz"
        },
        "esutils": {
          "version": "2.0.2",
          "resolved": "http://registry.npm.taobao.org/esutils/download/esutils-2.0.2.tgz"
        },
        "optionator": {
          "version": "0.8.2",
          "resolved": "http://registry.npm.taobao.org/optionator/download/optionator-0.8.2.tgz",
          "requires": {
            "deep-is": "~0.1.3",
            "fast-levenshtein": "~2.0.4",
            "levn": "~0.3.0",
            "prelude-ls": "~1.1.2",
            "type-check": "~0.3.2",
            "wordwrap": "~1.0.0"
          },
          "dependencies": {}
        },
        "source-map": {
          "version": "0.6.1",
          "resolved": "http://registry.npm.taobao.org/source-map/download/source-map-0.6.1.tgz",
          "optional": true
        }
      }
    },
    "esprima": {
      "version": "3.1.3",
      "resolved": "http://registry.npm.taobao.org/esprima/download/esprima-3.1.3.tgz"
    },
    "estraverse": {
      "version": "4.2.0",
      "resolved": "http://registry.npm.taobao.org/estraverse/download/estraverse-4.2.0.tgz"
    },
    "esutils": {
      "version": "2.0.2",
      "resolved": "http://registry.npm.taobao.org/esutils/download/esutils-2.0.2.tgz"
    },
    "fast-levenshtein": {
      "version": "file:feedback/http:/registry.npm.taobao.org/fast-levenshtein/download/fast-levenshtein-2.0.6.tgz"
    },
    "he": {
      "version": "file:feedback/http:/registry.npm.taobao.org/he/download/he-1.1.1.tgz"
    },
    "html-minifier": {
      "version": "3.5.20",
      "resolved": "http://registry.npm.taobao.org/html-minifier/download/html-minifier-3.5.20.tgz",
      "requires": {
        "camel-case": "3.0.x",
        "clean-css": "4.2.x",
        "commander": "2.17.x",
        "he": "1.1.x",
        "param-case": "2.1.x",
        "relateurl": "0.2.x",
        "uglify-js": "3.4.x"
      },
      "dependencies": {
        "camel-case": {
          "version": "http://registry.npm.taobao.org/camel-case/download/camel-case-3.0.0.tgz",
          "bundled": true
        },
        "clean-css": {
          "version": "http://registry.npm.taobao.org/clean-css/download/clean-css-4.2.1.tgz",
          "bundled": true,
          "dependencies": {
            "source-map": {
              "version": "0.6.1",
              "resolved": "http://registry.npm.taobao.org/source-map/download/source-map-0.6.1.tgz"
            }
          }
        },
        "commander": {
          "version": "http://registry.npm.taobao.org/commander/download/commander-2.17.1.tgz",
          "bundled": true
        },
        "he": {
          "version": "http://registry.npm.taobao.org/he/download/he-1.1.1.tgz",
          "bundled": true
        },
        "param-case": {
          "version": "http://registry.npm.taobao.org/param-case/download/param-case-2.1.1.tgz",
          "bundled": true,
          "dependencies": {
            "no-case": {
              "version": "http://registry.npm.taobao.org/no-case/download/no-case-2.3.2.tgz",
              "bundled": true,
              "dependencies": {
                "lower-case": {
                  "version": "1.1.4",
                  "resolved": "http://registry.npm.taobao.org/lower-case/download/lower-case-1.1.4.tgz"
                }
              }
            }
          }
        },
        "relateurl": {
          "version": "http://registry.npm.taobao.org/relateurl/download/relateurl-0.2.7.tgz",
          "bundled": true
        },
        "uglify-js": {
          "version": "http://registry.npm.taobao.org/uglify-js/download/uglify-js-3.4.9.tgz",
          "bundled": true,
          "dependencies": {
            "commander": {
              "version": "2.17.1",
              "resolved": "http://registry.npm.taobao.org/commander/download/commander-2.17.1.tgz"
            },
            "source-map": {
              "version": "0.6.1",
              "resolved": "http://registry.npm.taobao.org/source-map/download/source-map-0.6.1.tgz"
            }
          }
        }
      }
    },
    "is-keyword-js": {
      "version": "1.0.3",
      "resolved": "http://registry.npm.taobao.org/is-keyword-js/download/is-keyword-js-1.0.3.tgz"
    },
    "js-tokens": {
      "version": "3.0.2",
      "resolved": "http://registry.npm.taobao.org/js-tokens/download/js-tokens-3.0.2.tgz"
    },
    "levn": {
      "version": "file:feedback/http:/registry.npm.taobao.org/levn/download/levn-0.3.0.tgz",
      "requires": {
        "prelude-ls": "~1.1.2",
        "type-check": "~0.3.2"
      },
      "dependencies": {
        "prelude-ls": {
          "version": "1.1.2",
          "resolved": "http://registry.npm.taobao.org/prelude-ls/download/prelude-ls-1.1.2.tgz"
        },
        "type-check": {
          "version": "0.3.2",
          "resolved": "http://registry.npm.taobao.org/type-check/download/type-check-0.3.2.tgz",
          "requires": {
            "prelude-ls": "~1.1.2"
          },
          "dependencies": {}
        }
      }
    },
    "lower-case": {
      "version": "file:feedback/http:/registry.npm.taobao.org/lower-case/download/lower-case-1.1.4.tgz"
    },
    "merge-source-map": {
      "version": "file:feedback/http:/registry.npm.taobao.org/merge-source-map/download/merge-source-map-1.1.0.tgz",
      "requires": {
        "source-map": "^0.6.1"
      },
      "dependencies": {
        "source-map": {
          "version": "0.6.1",
          "resolved": "http://registry.npm.taobao.org/source-map/download/source-map-0.6.1.tgz"
        }
      }
    },
    "no-case": {
      "version": "file:feedback/http:/registry.npm.taobao.org/no-case/download/no-case-2.3.2.tgz",
      "requires": {
        "lower-case": "^1.1.1"
      },
      "dependencies": {
        "lower-case": {
          "version": "1.1.4",
          "resolved": "http://registry.npm.taobao.org/lower-case/download/lower-case-1.1.4.tgz"
        }
      }
    },
    "optionator": {
      "version": "file:feedback/http:/registry.npm.taobao.org/optionator/download/optionator-0.8.2.tgz",
      "requires": {
        "deep-is": "~0.1.3",
        "fast-levenshtein": "~2.0.4",
        "levn": "~0.3.0",
        "prelude-ls": "~1.1.2",
        "type-check": "~0.3.2",
        "wordwrap": "~1.0.0"
      },
      "dependencies": {
        "deep-is": {
          "version": "0.1.3",
          "resolved": "http://registry.npm.taobao.org/deep-is/download/deep-is-0.1.3.tgz"
        },
        "fast-levenshtein": {
          "version": "2.0.6",
          "resolved": "http://registry.npm.taobao.org/fast-levenshtein/download/fast-levenshtein-2.0.6.tgz"
        },
        "levn": {
          "version": "0.3.0",
          "resolved": "http://registry.npm.taobao.org/levn/download/levn-0.3.0.tgz",
          "requires": {
            "prelude-ls": "~1.1.2",
            "type-check": "~0.3.2"
          },
          "dependencies": {}
        },
        "prelude-ls": {
          "version": "1.1.2",
          "resolved": "http://registry.npm.taobao.org/prelude-ls/download/prelude-ls-1.1.2.tgz"
        },
        "type-check": {
          "version": "0.3.2",
          "resolved": "http://registry.npm.taobao.org/type-check/download/type-check-0.3.2.tgz",
          "requires": {
            "prelude-ls": "~1.1.2"
          },
          "dependencies": {}
        },
        "wordwrap": {
          "version": "1.0.0",
          "resolved": "http://registry.npm.taobao.org/wordwrap/download/wordwrap-1.0.0.tgz"
        }
      }
    },
    "param-case": {
      "version": "2.1.1",
      "resolved": "http://registry.npm.taobao.org/param-case/download/param-case-2.1.1.tgz",
      "requires": {
        "no-case": "^2.2.0"
      }
    },
    "prelude-ls": {
      "version": "file:feedback/http:/registry.npm.taobao.org/prelude-ls/download/prelude-ls-1.1.2.tgz"
    },
    "relateurl": {
      "version": "file:feedback/http:/registry.npm.taobao.org/relateurl/download/relateurl-0.2.7.tgz"
    },
    "source-map": {
      "version": "0.5.7",
      "resolved": "http://registry.npm.taobao.org/source-map/download/source-map-0.5.7.tgz"
    },
    "type-check": {
      "version": "0.3.2",
      "resolved": "http://registry.npm.taobao.org/type-check/download/type-check-0.3.2.tgz",
      "requires": {
        "prelude-ls": "~1.1.2"
      },
      "dependencies": {
        "prelude-ls": {
          "version": "1.1.2",
          "bundled": true
        }
      }
    },
    "uglify-js": {
      "version": "file:feedback/http:/registry.npm.taobao.org/uglify-js/download/uglify-js-3.4.9.tgz",
      "requires": {
        "commander": "~2.17.1",
        "source-map": "~0.6.1"
      },
      "dependencies": {
        "commander": {
          "version": "2.17.1",
          "resolved": "http://registry.npm.taobao.org/commander/download/commander-2.17.1.tgz"
        },
        "source-map": {
          "version": "0.6.1",
          "resolved": "http://registry.npm.taobao.org/source-map/download/source-map-0.6.1.tgz"
        }
      }
    },
    "upper-case": {
      "version": "1.1.3",
      "resolved": "http://registry.npm.taobao.org/upper-case/download/upper-case-1.1.3.tgz"
    },
    "wordwrap": {
      "version": "1.0.0",
      "resolved": "http://registry.npm.taobao.org/wordwrap/download/wordwrap-1.0.0.tgz"
    }
  }
}
